
Microsoft Visual Studio Solution File, Format Version 12.00
# Visual Studio Version 17
VisualStudioVersion = 17.14.36414.22 d17.14
MinimumVisualStudioVersion = 10.0.40219.1
Project("{FAE04EC0-301F-11D3-BF4B-00C04F79EFBC}") = "Ejercicio1", "Ejercicio1\Ejercicio1.csproj", "{EF692DA6-B83B-4C11-99B6-7941DE8AE5CA}"
EndProject
Global
	GlobalSection(SolutionConfigurationPlatforms) = preSolution
		Debug|Any CPU = Debug|Any CPU
		Release|Any CPU = Release|Any CPU
	EndGlobalSection
	GlobalSection(ProjectConfigurationPlatforms) = postSolution
		{EF692DA6-B83B-4C11-99B6-7941DE8AE5CA}.Debug|Any CPU.ActiveCfg = Debug|Any CPU
		{EF692DA6-B83B-4C11-99B6-7941DE8AE5CA}.Debug|Any CPU.Build.0 = Debug|Any CPU
		{EF692DA6-B83B-4C11-99B6-7941DE8AE5CA}.Release|Any CPU.ActiveCfg = Release|Any CPU
		{EF692DA6-B83B-4C11-99B6-7941DE8AE5CA}.Release|Any CPU.Build.0 = Release|Any CPU
	EndGlobalSection
	GlobalSection(SolutionProperties) = preSolution
		HideSolutionNode = FALSE
	EndGlobalSection
	GlobalSection(ExtensibilityGlobals) = postSolution
		SolutionGuid = {A2B5F959-3034-4EFC-A2E0-7C573D9979F6}
	EndGlobalSection
EndGlobal
